// !$*UTF8*$!
{
	archiveVersion = 1;
	classes = {
	};
	objectVersion = 46;
	objects = {

/* Begin PBXBuildFile section */
		D097C6F11A02212B00DAA80B /* AppDelegate.swift in Sources */ = {isa = PBXBuildFile; fileRef = D097C6F01A02212B00DAA80B /* AppDelegate.swift */; };
		D097C6F61A02212B00DAA80B /* Main.storyboard in Resources */ = {isa = PBXBuildFile; fileRef = D097C6F41A02212B00DAA80B /* Main.storyboard */; };
		D097C6F81A02212B00DAA80B /* Images.xcassets in Resources */ = {isa = PBXBuildFile; fileRef = D097C6F71A02212B00DAA80B /* Images.xcassets */; };
		D097C6FB1A02212B00DAA80B /* LaunchScreen.xib in Resources */ = {isa = PBXBuildFile; fileRef = D097C6F91A02212B00DAA80B /* LaunchScreen.xib */; };
		D097C7071A02212B00DAA80B /* AppGroupsMasterTests.swift in Sources */ = {isa = PBXBuildFile; fileRef = D097C7061A02212B00DAA80B /* AppGroupsMasterTests.swift */; };
		D097C7111A0227DA00DAA80B /* AGMasterViewController.swift in Sources */ = {isa = PBXBuildFile; fileRef = D097C7101A0227DA00DAA80B /* AGMasterViewController.swift */; };
/* End PBXBuildFile section */

/* Begin PBXContainerItemProxy section */
		D097C7011A02212B00DAA80B /* PBXContainerItemProxy */ = {
			isa = PBXContainerItemProxy;
			containerPortal = D097C6E31A02212B00DAA80B /* Project object */;
			proxyType = 1;
			remoteGlobalIDString = D097C6EA1A02212B00DAA80B;
			remoteInfo = AppGroupsMaster;
		};
/* End PBXContainerItemProxy section */

/* Begin PBXFileReference section */
		D097C6EB1A02212B00DAA80B /* AppGroupsMaster.app */ = {isa = PBXFileReference; explicitFileType = wrapper.application; includeInIndex = 0; path = AppGroupsMaster.app; sourceTree = BUILT_PRODUCTS_DIR; };
		D097C6EF1A02212B00DAA80B /* Info.plist */ = {isa = PBXFileReference; lastKnownFileType = text.plist.xml; path = Info.plist; sourceTree = "<group>"; };
		D097C6F01A02212B00DAA80B /* AppDelegate.swift */ = {isa = PBXFileReference; lastKnownFileType = sourcecode.swift; path = AppDelegate.swift; sourceTree = "<group>"; };
		D097C6F51A02212B00DAA80B /* Base */ = {isa = PBXFileReference; lastKnownFileType = file.storyboard; name = Base; path = Base.lproj/Main.storyboard; sourceTree = "<group>"; };
		D097C6F71A02212B00DAA80B /* Images.xcassets */ = {isa = PBXFileReference; lastKnownFileType = folder.assetcatalog; path = Images.xcassets; sourceTree = "<group>"; };
		D097C6FA1A02212B00DAA80B /* Base */ = {isa = PBXFileReference; lastKnownFileType = file.xib; name = Base; path = Base.lproj/LaunchScreen.xib; sourceTree = "<group>"; };
		D097C7001A02212B00DAA80B /* AppGroupsMasterTests.xctest */ = {isa = PBXFileReference; explicitFileType = wrapper.cfbundle; includeInIndex = 0; path = AppGroupsMasterTests.xctest; sourceTree = BUILT_PRODUCTS_DIR; };
		D097C7051A02212B00DAA80B /* Info.plist */ = {isa = PBXFileReference; lastKnownFileType = text.plist.xml; path = Info.plist; sourceTree = "<group>"; };
		D097C7061A02212B00DAA80B /* AppGroupsMasterTests.swift */ = {isa = PBXFileReference; lastKnownFileType = sourcecode.swift; path = AppGroupsMasterTests.swift; sourceTree = "<group>"; };
		D097C7101A0227DA00DAA80B /* AGMasterViewController.swift */ = {isa = PBXFileReference; fileEncoding = 4; lastKnownFileType = sourcecode.swift; path = AGMasterViewController.swift; sourceTree = "<group>"; };
		D097C7121A022F1500DAA80B /* AppGroupsMaster.entitlements */ = {isa = PBXFileReference; lastKnownFileType = text.xml; path = AppGroupsMaster.entitlements; sourceTree = "<group>"; };
/* End PBXFileReference section */

/* Begin PBXFrameworksBuildPhase section */
		D097C6E81A02212B00DAA80B /* Frameworks */ = {
			isa = PBXFrameworksBuildPhase;
			buildActionMask = 2147483647;
			files = (
			);
			runOnlyForDeploymentPostprocessing = 0;
		};
		D097C6FD1A02212B00DAA80B /* Frameworks */ = {
			isa = PBXFrameworksBuildPhase;
			buildActionMask = 2147483647;
			files = (
			);
			runOnlyForDeploymentPostprocessing = 0;
		};
/* End PBXFrameworksBuildPhase section */

/* Begin PBXGroup section */
		D097C6E21A02212B00DAA80B = {
			isa = PBXGroup;
			children = (
				D097C6ED1A02212B00DAA80B /* AppGroupsMaster */,
				D097C7031A02212B00DAA80B /* AppGroupsMasterTests */,
				D097C6EC1A02212B00DAA80B /* Products */,
			);
			sourceTree = "<group>";
		};
		D097C6EC1A02212B00DAA80B /* Products */ = {
			isa = PBXGroup;
			children = (
				D097C6EB1A02212B00DAA80B /* AppGroupsMaster.app */,
				D097C7001A02212B00DAA80B /* AppGroupsMasterTests.xctest */,
			);
			name = Products;
			sourceTree = "<group>";
		};
		D097C6ED1A02212B00DAA80B /* AppGroupsMaster */ = {
			isa = PBXGroup;
			children = (
				D097C7121A022F1500DAA80B /* AppGroupsMaster.entitlements */,
				D097C6F01A02212B00DAA80B /* AppDelegate.swift */,
				D097C7101A0227DA00DAA80B /* AGMasterViewController.swift */,
				D097C6F41A02212B00DAA80B /* Main.storyboard */,
				D097C6F71A02212B00DAA80B /* Images.xcassets */,
				D097C6F91A02212B00DAA80B /* LaunchScreen.xib */,
				D097C6EE1A02212B00DAA80B /* Supporting Files */,
			);
			path = AppGroupsMaster;
			sourceTree = "<group>";
		};
		D097C6EE1A02212B00DAA80B /* Supporting Files */ = {
			isa = PBXGroup;
			children = (
				D097C6EF1A02212B00DAA80B /* Info.plist */,
			);
			name = "Supporting Files";
			sourceTree = "<group>";
		};
		D097C7031A02212B00DAA80B /* AppGroupsMasterTests */ = {
			isa = PBXGroup;
			children = (
				D097C7061A02212B00DAA80B /* AppGroupsMasterTests.swift */,
				D097C7041A02212B00DAA80B /* Supporting Files */,
			);
			path = AppGroupsMasterTests;
			sourceTree = "<group>";
		};
		D097C7041A02212B00DAA80B /* Supporting Files */ = {
			isa = PBXGroup;
			children = (
				D097C7051A02212B00DAA80B /* Info.plist */,
			);
			name = "Supporting Files";
			sourceTree = "<group>";
		};
/* End PBXGroup section */

/* Begin PBXNativeTarget section */
		D097C6EA1A02212B00DAA80B /* AppGroupsMaster */ = {
			isa = PBXNativeTarget;
			buildConfigurationList = D097C70A1A02212B00DAA80B /* Build configuration list for PBXNativeTarget "AppGroupsMaster" */;
			buildPhases = (
				D097C6E71A02212B00DAA80B /* Sources */,
				D097C6E81A02212B00DAA80B /* Frameworks */,
				D097C6E91A02212B00DAA80B /* Resources */,
			);
			buildRules = (
			);
			dependencies = (
			);
			name = AppGroupsMaster;
			productName = AppGroupsMaster;
			productReference = D097C6EB1A02212B00DAA80B /* AppGroupsMaster.app */;
			productType = "com.apple.product-type.application";
		};
		D097C6FF1A02212B00DAA80B /* AppGroupsMasterTests */ = {
			isa = PBXNativeTarget;
			buildConfigurationList = D097C70D1A02212B00DAA80B /* Build configuration list for PBXNativeTarget "AppGroupsMasterTests" */;
			buildPhases = (
				D097C6FC1A02212B00DAA80B /* Sources */,
				D097C6FD1A02212B00DAA80B /* Frameworks */,
				D097C6FE1A02212B00DAA80B /* Resources */,
			);
			buildRules = (
			);
			dependencies = (
				D097C7021A02212B00DAA80B /* PBXTargetDependency */,
			);
			name = AppGroupsMasterTests;
			productName = AppGroupsMasterTests;
			productReference = D097C7001A02212B00DAA80B /* AppGroupsMasterTests.xctest */;
			productType = "com.apple.product-type.bundle.unit-test";
		};
/* End PBXNativeTarget section */

/* Begin PBXProject section */
		D097C6E31A02212B00DAA80B /* Project object */ = {
			isa = PBXProject;
			attributes = {
				LastSwiftMigration = 0700;
				LastSwiftUpdateCheck = 0700;
				LastUpgradeCheck = 0610;
				ORGANIZATIONNAME = isobar;
				TargetAttributes = {
					D097C6EA1A02212B00DAA80B = {
						CreatedOnToolsVersion = 6.1;
						DevelopmentTeam = RC874577XG;
						SystemCapabilities = {
							com.apple.ApplicationGroups.iOS = {
								enabled = 1;
							};
						};
					};
					D097C6FF1A02212B00DAA80B = {
						CreatedOnToolsVersion = 6.1;
						TestTargetID = D097C6EA1A02212B00DAA80B;
					};
				};
			};
			buildConfigurationList = D097C6E61A02212B00DAA80B /* Build configuration list for PBXProject "AppGroupsMaster" */;
			compatibilityVersion = "Xcode 3.2";
			developmentRegion = English;
			hasScannedForEncodings = 0;
			knownRegions = (
				en,
				Base,
			);
			mainGroup = D097C6E21A02212B00DAA80B;
			productRefGroup = D097C6EC1A02212B00DAA80B /* Products */;
			projectDirPath = "";
			projectRoot = "";
			targets = (
				D097C6EA1A02212B00DAA80B /* AppGroupsMaster */,
				D097C6FF1A02212B00DAA80B /* AppGroupsMasterTests */,
			);
		};
/* End PBXProject section */

/* Begin PBXResourcesBuildPhase section */
		D097C6E91A02212B00DAA80B /* Resources */ = {
			isa = PBXResourcesBuildPhase;
			buildActionMask = 2147483647;
			files = (
				D097C6F61A02212B00DAA80B /* Main.storyboard in Resources */,
				D097C6FB1A02212B00DAA80B /* LaunchScreen.xib in Resources */,
				D097C6F81A02212B00DAA80B /* Images.xcassets in Resources */,
			);
			runOnlyForDeploymentPostprocessing = 0;
		};
		D097C6FE1A02212B00DAA80B /* Resources */ = {
			isa = PBXResourcesBuildPhase;
			buildActionMask = 2147483647;
			files = (
			);
			runOnlyForDeploymentPostprocessing = 0;
		};
/* End PBXResourcesBuildPhase section */

/* Begin PBXSourcesBuildPhase section */
		D097C6E71A02212B00DAA80B /* Sources */ = {
			isa = PBXSourcesBuildPhase;
			buildActionMask = 2147483647;
			files = (
				D097C7111A0227DA00DAA80B /* AGMasterViewController.swift in Sources */,
				D097C6F11A02212B00DAA80B /* AppDelegate.swift in Sources */,
			);
			runOnlyForDeploymentPostprocessing = 0;
		};
		D097C6FC1A02212B00DAA80B /* Sources */ = {
			isa = PBXSourcesBuildPhase;
			buildActionMask = 2147483647;
			files = (
				D097C7071A02212B00DAA80B /* AppGroupsMasterTests.swift in Sources */,
			);
			runOnlyForDeploymentPostprocessing = 0;
		};
/* End PBXSourcesBuildPhase section */

/* Begin PBXTargetDependency section */
		D097C7021A02212B00DAA80B /* PBXTargetDependency */ = {
			isa = PBXTargetDependency;
			target = D097C6EA1A02212B00DAA80B /* AppGroupsMaster */;
			targetProxy = D097C7011A02212B00DAA80B /* PBXContainerItemProxy */;
		};
/* End PBXTargetDependency section */

/* Begin PBXVariantGroup section */
		D097C6F41A02212B00DAA80B /* Main.storyboard */ = {
			isa = PBXVariantGroup;
			children = (
				D097C6F51A02212B00DAA80B /* Base */,
			);
			name = Main.storyboard;
			sourceTree = "<group>";
		};
		D097C6F91A02212B00DAA80B /* LaunchScreen.xib */ = {
			isa = PBXVariantGroup;
			children = (
				D097C6FA1A02212B00DAA80B /* Base */,
			);
			name = LaunchScreen.xib;
			sourceTree = "<group>";
		};
/* End PBXVariantGroup section */

/* Begin XCBuildConfiguration section */
		D097C7081A02212B00DAA80B /* Debug */ = {
			isa = XCBuildConfiguration;
			buildSettings = {
				ALWAYS_SEARCH_USER_PATHS = NO;
				CLANG_CXX_LANGUAGE_STANDARD = "gnu++0x";
				CLANG_CXX_LIBRARY = "libc++";
				CLANG_ENABLE_MODULES = YES;
				CLANG_ENABLE_OBJC_ARC = YES;
				CLANG_WARN_BOOL_CONVERSION = YES;
				CLANG_WARN_CONSTANT_CONVERSION = YES;
				CLANG_WARN_DIRECT_OBJC_ISA_USAGE = YES_ERROR;
				CLANG_WARN_EMPTY_BODY = YES;
				CLANG_WARN_ENUM_CONVERSION = YES;
				CLANG_WARN_INT_CONVERSION = YES;
				CLANG_WARN_OBJC_ROOT_CLASS = YES_ERROR;
				CLANG_WARN_UNREACHABLE_CODE = YES;
				CLANG_WARN__DUPLICATE_METHOD_MATCH = YES;
				"CODE_SIGN_IDENTITY[sdk=iphoneos*]" = "iPhone Developer";
				COPY_PHASE_STRIP = NO;
				ENABLE_STRICT_OBJC_MSGSEND = YES;
				GCC_C_LANGUAGE_STANDARD = gnu99;
				GCC_DYNAMIC_NO_PIC = NO;
				GCC_OPTIMIZATION_LEVEL = 0;
				GCC_PREPROCESSOR_DEFINITIONS = (
					"DEBUG=1",
					"$(inherited)",
				);
				GCC_SYMBOLS_PRIVATE_EXTERN = NO;
				GCC_WARN_64_TO_32_BIT_CONVERSION = YES;
				GCC_WARN_ABOUT_RETURN_TYPE = YES_ERROR;
				GCC_WARN_UNDECLARED_SELECTOR = YES;
				GCC_WARN_UNINITIALIZED_AUTOS = YES_AGGRESSIVE;
				GCC_WARN_UNUSED_FUNCTION = YES;
				GCC_WARN_UNUSED_VARIABLE = YES;
				IPHONEOS_DEPLOYMENT_TARGET = 8.1;
				MTL_ENABLE_DEBUG_INFO = YES;
				ONLY_ACTIVE_ARCH = YES;
				SDKROOT = iphoneos;
				SWIFT_OPTIMIZATION_LEVEL = "-Onone";
			};
			name = Debug;
		};
		D097C7091A02212B00DAA80B /* Release */ = {
			isa = XCBuildConfiguration;
			buildSettings = {
				ALWAYS_SEARCH_USER_PATHS = NO;
				CLANG_CXX_LANGUAGE_STANDARD = "gnu++0x";
				CLANG_CXX_LIBRARY = "libc++";
				CLANG_ENABLE_MODULES = YES;
				CLANG_ENABLE_OBJC_ARC = YES;
				CLANG_WARN_BOOL_CONVERSION = YES;
				CLANG_WARN_CONSTANT_CONVERSION = YES;
				CLANG_WARN_DIRECT_OBJC_ISA_USAGE = YES_ERROR;
				CLANG_WARN_EMPTY_BODY = YES;
				CLANG_WARN_ENUM_CONVERSION = YES;
				CLANG_WARN_INT_CONVERSION = YES;
				CLANG_WARN_OBJC_ROOT_CLASS = YES_ERROR;
				CLANG_WARN_UNREACHABLE_CODE = YES;
				CLANG_WARN__DUPLICATE_METHOD_MATCH = YES;
				"CODE_SIGN_IDENTITY[sdk=iphoneos*]" = "iPhone Developer";
				COPY_PHASE_STRIP = YES;
				ENABLE_NS_ASSERTIONS = NO;
				ENABLE_STRICT_OBJC_MSGSEND = YES;
				GCC_C_LANGUAGE_STANDARD = gnu99;
				GCC_WARN_64_TO_32_BIT_CONVERSION = YES;
				GCC_WARN_ABOUT_RETURN_TYPE = YES_ERROR;
				GCC_WARN_UNDECLARED_SELECTOR = YES;
				GCC_WARN_UNINITIALIZED_AUTOS = YES_AGGRESSIVE;
				GCC_WARN_UNUSED_FUNCTION = YES;
				GCC_WARN_UNUSED_VARIABLE = YES;
				IPHONEOS_DEPLOYMENT_TARGET = 8.1;
				MTL_ENABLE_DEBUG_INFO = NO;
				SDKROOT = iphoneos;
				VALIDATE_PRODUCT = YES;
			};
			name = Release;
		};
		D097C70B1A02212B00DAA80B /* Debug */ = {
			isa = XCBuildConfiguration;
			buildSettings = {
				ASSETCATALOG_COMPILER_APPICON_NAME = AppIcon;
				CODE_SIGN_ENTITLEMENTS = AppGroupsMaster/AppGroupsMaster.entitlements;
				CODE_SIGN_IDENTITY = "iPhone Developer";
				"CODE_SIGN_IDENTITY[sdk=iphoneos*]" = "iPhone Developer";
				INFOPLIST_FILE = AppGroupsMaster/Info.plist;
				LD_RUNPATH_SEARCH_PATHS = "$(inherited) @executable_path/Frameworks";
				PRODUCT_NAME = "$(TARGET_NAME)";
				PROVISIONING_PROFILE = "";
			};
			name = Debug;
		};
		D097C70C1A02212B00DAA80B /* Release */ = {
			isa = XCBuildConfiguration;
			buildSettings = {
				ASSETCATALOG_COMPILER_APPICON_NAME = AppIcon;
				CODE_SIGN_ENTITLEMENTS = AppGroupsMaster/AppGroupsMaster.entitlements;
				CODE_SIGN_IDENTITY = "iPhone Developer";
				"CODE_SIGN_IDENTITY[sdk=iphoneos*]" = "iPhone Developer";
				INFOPLIST_FILE = AppGroupsMaster/Info.plist;
				LD_RUNPATH_SEARCH_PATHS = "$(inherited) @executable_path/Frameworks";
				PRODUCT_NAME = "$(TARGET_NAME)";
				PROVISIONING_PROFILE = "";
			};
			name = Release;
		};
		D097C70E1A02212B00DAA80B /* Debug */ = {
			isa = XCBuildConfiguration;
			buildSettings = {
				BUNDLE_LOADER = "$(TEST_HOST)";
				FRAMEWORK_SEARCH_PATHS = (
					"$(SDKROOT)/Developer/Library/Frameworks",
					"$(inherited)",
				);
				GCC_PREPROCESSOR_DEFINITIONS = (
					"DEBUG=1",
					"$(inherited)",
				);
				INFOPLIST_FILE = AppGroupsMasterTests/Info.plist;
				LD_RUNPATH_SEARCH_PATHS = "$(inherited) @executable_path/Frameworks @loader_path/Frameworks";
				PRODUCT_NAME = "$(TARGET_NAME)";
				TEST_HOST = "$(BUILT_PRODUCTS_DIR)/AppGroupsMaster.app/AppGroupsMaster";
			};
			name = Debug;
		};
		D097C70F1A02212B00DAA80B /* Release */ = {
			isa = XCBuildConfiguration;
			buildSettings = {
				BUNDLE_LOADER = "$(TEST_HOST)";
				FRAMEWORK_SEARCH_PATHS = (
					"$(SDKROOT)/Developer/Library/Frameworks",
					"$(inherited)",
				);
				INFOPLIST_FILE = AppGroupsMasterTests/Info.plist;
				LD_RUNPATH_SEARCH_PATHS = "$(inherited) @executable_path/Frameworks @loader_path/Frameworks";
				PRODUCT_NAME = "$(TARGET_NAME)";
				TEST_HOST = "$(BUILT_PRODUCTS_DIR)/AppGroupsMaster.app/AppGroupsMaster";
			};
			name = Release;
		};
/* End XCBuildConfiguration section */

/* Begin XCConfigurationList section */
		D097C6E61A02212B00DAA80B /* Build configuration list for PBXProject "AppGroupsMaster" */ = {
			isa = XCConfigurationList;
			buildConfigurations = (
				D097C7081A02212B00DAA80B /* Debug */,
				D097C7091A02212B00DAA80B /* Release */,
			);
			defaultConfigurationIsVisible = 0;
			defaultConfigurationName = Release;
		};
		D097C70A1A02212B00DAA80B /* Build configuration list for PBXNativeTarget "AppGroupsMaster" */ = {
			isa = XCConfigurationList;
			buildConfigurations = (
				D097C70B1A02212B00DAA80B /* Debug */,
				D097C70C1A02212B00DAA80B /* Release */,
			);
			defaultConfigurationIsVisible = 0;
			defaultConfigurationName = Release;
		};
		D097C70D1A02212B00DAA80B /* Build configuration list for PBXNativeTarget "AppGroupsMasterTests" */ = {
			isa = XCConfigurationList;
			buildConfigurations = (
				D097C70E1A02212B00DAA80B /* Debug */,
				D097C70F1A02212B00DAA80B /* Release */,
			);
			defaultConfigurationIsVisible = 0;
			defaultConfigurationName = Release;
		};
/* End XCConfigurationList section */
	};
	rootObject = D097C6E31A02212B00DAA80B /* Project object */;
}
